
Microsoft Visual Studio Solution File, Format Version 12.00
# Visual Studio Version 16
VisualStudioVersion = 16.0.32228.343
MinimumVisualStudioVersion = 10.0.40219.1
Project("{FAE04EC0-301F-11D3-BF4B-00C04F79EFBC}") = "01_MelrahShake", "01_MelrahShake\01_MelrahShake.csproj", "{4BDD607B-64DE-44E0-9BF1-FBE434E5BB49}"
EndProject
Global
	GlobalSection(SolutionConfigurationPlatforms) = preSolution
		Debug|Any CPU = Debug|Any CPU
		Release|Any CPU = Release|Any CPU
	EndGlobalSection
	GlobalSection(ProjectConfigurationPlatforms) = postSolution
		{4BDD607B-64DE-44E0-9BF1-FBE434E5BB49}.Debug|Any CPU.ActiveCfg = Debug|Any CPU
		{4BDD607B-64DE-44E0-9BF1-FBE434E5BB49}.Debug|Any CPU.Build.0 = Debug|Any CPU
		{4BDD607B-64DE-44E0-9BF1-FBE434E5BB49}.Release|Any CPU.ActiveCfg = Release|Any CPU
		{4BDD607B-64DE-44E0-9BF1-FBE434E5BB49}.Release|Any CPU.Build.0 = Release|Any CPU
	EndGlobalSection
	GlobalSection(SolutionProperties) = preSolution
		HideSolutionNode = FALSE
	EndGlobalSection
	GlobalSection(ExtensibilityGlobals) = postSolution
		SolutionGuid = {4435B1D4-6B9D-4833-877D-CD9FFF3DD2E6}
	EndGlobalSection
EndGlobal
