
Microsoft Visual Studio Solution File, Format Version 12.00
# Visual Studio Version 16
VisualStudioVersion = 16.0.31624.102
MinimumVisualStudioVersion = 10.0.40219.1
Project("{FAE04EC0-301F-11D3-BF4B-00C04F79EFBC}") = "01_TennisEquipment", "01_TennisEquipment\01_TennisEquipment.csproj", "{3A183E56-BA62-4991-BC49-D08EECFC36E3}"
EndProject
Project("{FAE04EC0-301F-11D3-BF4B-00C04F79EFBC}") = "02_TennisResults", "02_TennisResults\02_TennisResults.csproj", "{FA6B877C-B48D-4954-BBB6-65B3BD1925CE}"
EndProject
Project("{FAE04EC0-301F-11D3-BF4B-00C04F79EFBC}") = "03_WimbeldonTickets", "03_WimbeldonTickets\03_WimbeldonTickets.csproj", "{F725234F-DD34-4F9C-84A3-19DA4A5C601C}"
EndProject
Project("{FAE04EC0-301F-11D3-BF4B-00C04F79EFBC}") = "04_TennisWorldCup", "04_TennisWorldCup\04_TennisWorldCup.csproj", "{627BFC1C-FDE6-4D36-90E4-502EA50EBE5D}"
EndProject
Global
	GlobalSection(SolutionConfigurationPlatforms) = preSolution
		Debug|Any CPU = Debug|Any CPU
		Release|Any CPU = Release|Any CPU
	EndGlobalSection
	GlobalSection(ProjectConfigurationPlatforms) = postSolution
		{3A183E56-BA62-4991-BC49-D08EECFC36E3}.Debug|Any CPU.ActiveCfg = Debug|Any CPU
		{3A183E56-BA62-4991-BC49-D08EECFC36E3}.Debug|Any CPU.Build.0 = Debug|Any CPU
		{3A183E56-BA62-4991-BC49-D08EECFC36E3}.Release|Any CPU.ActiveCfg = Release|Any CPU
		{3A183E56-BA62-4991-BC49-D08EECFC36E3}.Release|Any CPU.Build.0 = Release|Any CPU
		{FA6B877C-B48D-4954-BBB6-65B3BD1925CE}.Debug|Any CPU.ActiveCfg = Debug|Any CPU
		{FA6B877C-B48D-4954-BBB6-65B3BD1925CE}.Debug|Any CPU.Build.0 = Debug|Any CPU
		{FA6B877C-B48D-4954-BBB6-65B3BD1925CE}.Release|Any CPU.ActiveCfg = Release|Any CPU
		{FA6B877C-B48D-4954-BBB6-65B3BD1925CE}.Release|Any CPU.Build.0 = Release|Any CPU
		{F725234F-DD34-4F9C-84A3-19DA4A5C601C}.Debug|Any CPU.ActiveCfg = Debug|Any CPU
		{F725234F-DD34-4F9C-84A3-19DA4A5C601C}.Debug|Any CPU.Build.0 = Debug|Any CPU
		{F725234F-DD34-4F9C-84A3-19DA4A5C601C}.Release|Any CPU.ActiveCfg = Release|Any CPU
		{F725234F-DD34-4F9C-84A3-19DA4A5C601C}.Release|Any CPU.Build.0 = Release|Any CPU
		{627BFC1C-FDE6-4D36-90E4-502EA50EBE5D}.Debug|Any CPU.ActiveCfg = Debug|Any CPU
		{627BFC1C-FDE6-4D36-90E4-502EA50EBE5D}.Debug|Any CPU.Build.0 = Debug|Any CPU
		{627BFC1C-FDE6-4D36-90E4-502EA50EBE5D}.Release|Any CPU.ActiveCfg = Release|Any CPU
		{627BFC1C-FDE6-4D36-90E4-502EA50EBE5D}.Release|Any CPU.Build.0 = Release|Any CPU
	EndGlobalSection
	GlobalSection(SolutionProperties) = preSolution
		HideSolutionNode = FALSE
	EndGlobalSection
	GlobalSection(ExtensibilityGlobals) = postSolution
		SolutionGuid = {3554829F-7655-46C2-B0F7-A41069E59828}
	EndGlobalSection
EndGlobal
