
Microsoft Visual Studio Solution File, Format Version 12.00
# Visual Studio Version 16
VisualStudioVersion = 16.0.32510.428
MinimumVisualStudioVersion = 10.0.40219.1
Project("{FAE04EC0-301F-11D3-BF4B-00C04F79EFBC}") = "01_SumArray", "01_SumArray\01_SumArray.csproj", "{1EA9904E-3D81-4509-9B47-F4ADEE191DD3}"
EndProject
Project("{FAE04EC0-301F-11D3-BF4B-00C04F79EFBC}") = "02_Factorial", "02_Factorial\02_Factorial.csproj", "{3433A840-EE92-4B6F-B246-ECAB552E7DEC}"
EndProject
Project("{FAE04EC0-301F-11D3-BF4B-00C04F79EFBC}") = "03_RecursiveDrawing", "03_RecursiveDrawing\03_RecursiveDrawing.csproj", "{B1904772-00E3-4DA8-A60C-976D2E55BAFB}"
EndProject
Project("{FAE04EC0-301F-11D3-BF4B-00C04F79EFBC}") = "04_InfiniteRecursion", "04_InfiniteRecursion\04_InfiniteRecursion.csproj", "{7DAC8EC7-9985-4E05-A0B9-4C2959303D7F}"
EndProject
Project("{FAE04EC0-301F-11D3-BF4B-00C04F79EFBC}") = "05_Fibonacci", "05_Fibonacci\05_Fibonacci.csproj", "{7902E2F9-50E0-4C06-9F7D-25A24C38964A}"
EndProject
Global
	GlobalSection(SolutionConfigurationPlatforms) = preSolution
		Debug|Any CPU = Debug|Any CPU
		Release|Any CPU = Release|Any CPU
	EndGlobalSection
	GlobalSection(ProjectConfigurationPlatforms) = postSolution
		{1EA9904E-3D81-4509-9B47-F4ADEE191DD3}.Debug|Any CPU.ActiveCfg = Debug|Any CPU
		{1EA9904E-3D81-4509-9B47-F4ADEE191DD3}.Debug|Any CPU.Build.0 = Debug|Any CPU
		{1EA9904E-3D81-4509-9B47-F4ADEE191DD3}.Release|Any CPU.ActiveCfg = Release|Any CPU
		{1EA9904E-3D81-4509-9B47-F4ADEE191DD3}.Release|Any CPU.Build.0 = Release|Any CPU
		{3433A840-EE92-4B6F-B246-ECAB552E7DEC}.Debug|Any CPU.ActiveCfg = Debug|Any CPU
		{3433A840-EE92-4B6F-B246-ECAB552E7DEC}.Debug|Any CPU.Build.0 = Debug|Any CPU
		{3433A840-EE92-4B6F-B246-ECAB552E7DEC}.Release|Any CPU.ActiveCfg = Release|Any CPU
		{3433A840-EE92-4B6F-B246-ECAB552E7DEC}.Release|Any CPU.Build.0 = Release|Any CPU
		{B1904772-00E3-4DA8-A60C-976D2E55BAFB}.Debug|Any CPU.ActiveCfg = Debug|Any CPU
		{B1904772-00E3-4DA8-A60C-976D2E55BAFB}.Debug|Any CPU.Build.0 = Debug|Any CPU
		{B1904772-00E3-4DA8-A60C-976D2E55BAFB}.Release|Any CPU.ActiveCfg = Release|Any CPU
		{B1904772-00E3-4DA8-A60C-976D2E55BAFB}.Release|Any CPU.Build.0 = Release|Any CPU
		{7DAC8EC7-9985-4E05-A0B9-4C2959303D7F}.Debug|Any CPU.ActiveCfg = Debug|Any CPU
		{7DAC8EC7-9985-4E05-A0B9-4C2959303D7F}.Debug|Any CPU.Build.0 = Debug|Any CPU
		{7DAC8EC7-9985-4E05-A0B9-4C2959303D7F}.Release|Any CPU.ActiveCfg = Release|Any CPU
		{7DAC8EC7-9985-4E05-A0B9-4C2959303D7F}.Release|Any CPU.Build.0 = Release|Any CPU
		{7902E2F9-50E0-4C06-9F7D-25A24C38964A}.Debug|Any CPU.ActiveCfg = Debug|Any CPU
		{7902E2F9-50E0-4C06-9F7D-25A24C38964A}.Debug|Any CPU.Build.0 = Debug|Any CPU
		{7902E2F9-50E0-4C06-9F7D-25A24C38964A}.Release|Any CPU.ActiveCfg = Release|Any CPU
		{7902E2F9-50E0-4C06-9F7D-25A24C38964A}.Release|Any CPU.Build.0 = Release|Any CPU
	EndGlobalSection
	GlobalSection(SolutionProperties) = preSolution
		HideSolutionNode = FALSE
	EndGlobalSection
	GlobalSection(ExtensibilityGlobals) = postSolution
		SolutionGuid = {25F69239-23DD-4EFC-AA30-5AD2B673D746}
	EndGlobalSection
EndGlobal
