
Microsoft Visual Studio Solution File, Format Version 12.00
# Visual Studio Version 16
VisualStudioVersion = 16.0.31624.102
MinimumVisualStudioVersion = 10.0.40219.1
Project("{9A19103F-16F7-4668-BE54-9A1E7A4F7556}") = "01_Moon", "01_Moon\01_Moon.csproj", "{389B1B31-4926-4B94-8D29-09B6744F8669}"
EndProject
Project("{9A19103F-16F7-4668-BE54-9A1E7A4F7556}") = "02_DeerOdSanta", "02_DeerOdSanta\02_DeerOdSanta.csproj", "{C0A4ABEE-0910-4842-B050-52EEC9CB60FB}"
EndProject
Project("{9A19103F-16F7-4668-BE54-9A1E7A4F7556}") = "05_WinnersTickets", "05_WinnersTickets\05_WinnersTickets.csproj", "{1B0CFEC6-B07D-4AB3-A638-57288C6F946C}"
EndProject
Project("{FAE04EC0-301F-11D3-BF4B-00C04F79EFBC}") = "03_BasketballMatch", "03_BasketballMatch\03_BasketballMatch.csproj", "{A2D86291-6F25-469A-A930-78C1EC89747D}"
EndProject
Project("{FAE04EC0-301F-11D3-BF4B-00C04F79EFBC}") = "04_Division", "04_Division\04_Division.csproj", "{54DF1469-FCA8-41EC-B1E9-3DDE01007418}"
EndProject
Global
	GlobalSection(SolutionConfigurationPlatforms) = preSolution
		Debug|Any CPU = Debug|Any CPU
		Release|Any CPU = Release|Any CPU
	EndGlobalSection
	GlobalSection(ProjectConfigurationPlatforms) = postSolution
		{389B1B31-4926-4B94-8D29-09B6744F8669}.Debug|Any CPU.ActiveCfg = Debug|Any CPU
		{389B1B31-4926-4B94-8D29-09B6744F8669}.Debug|Any CPU.Build.0 = Debug|Any CPU
		{389B1B31-4926-4B94-8D29-09B6744F8669}.Release|Any CPU.ActiveCfg = Release|Any CPU
		{389B1B31-4926-4B94-8D29-09B6744F8669}.Release|Any CPU.Build.0 = Release|Any CPU
		{C0A4ABEE-0910-4842-B050-52EEC9CB60FB}.Debug|Any CPU.ActiveCfg = Debug|Any CPU
		{C0A4ABEE-0910-4842-B050-52EEC9CB60FB}.Debug|Any CPU.Build.0 = Debug|Any CPU
		{C0A4ABEE-0910-4842-B050-52EEC9CB60FB}.Release|Any CPU.ActiveCfg = Release|Any CPU
		{C0A4ABEE-0910-4842-B050-52EEC9CB60FB}.Release|Any CPU.Build.0 = Release|Any CPU
		{1B0CFEC6-B07D-4AB3-A638-57288C6F946C}.Debug|Any CPU.ActiveCfg = Debug|Any CPU
		{1B0CFEC6-B07D-4AB3-A638-57288C6F946C}.Debug|Any CPU.Build.0 = Debug|Any CPU
		{1B0CFEC6-B07D-4AB3-A638-57288C6F946C}.Release|Any CPU.ActiveCfg = Release|Any CPU
		{1B0CFEC6-B07D-4AB3-A638-57288C6F946C}.Release|Any CPU.Build.0 = Release|Any CPU
		{A2D86291-6F25-469A-A930-78C1EC89747D}.Debug|Any CPU.ActiveCfg = Debug|Any CPU
		{A2D86291-6F25-469A-A930-78C1EC89747D}.Debug|Any CPU.Build.0 = Debug|Any CPU
		{A2D86291-6F25-469A-A930-78C1EC89747D}.Release|Any CPU.ActiveCfg = Release|Any CPU
		{A2D86291-6F25-469A-A930-78C1EC89747D}.Release|Any CPU.Build.0 = Release|Any CPU
		{54DF1469-FCA8-41EC-B1E9-3DDE01007418}.Debug|Any CPU.ActiveCfg = Debug|Any CPU
		{54DF1469-FCA8-41EC-B1E9-3DDE01007418}.Debug|Any CPU.Build.0 = Debug|Any CPU
		{54DF1469-FCA8-41EC-B1E9-3DDE01007418}.Release|Any CPU.ActiveCfg = Release|Any CPU
		{54DF1469-FCA8-41EC-B1E9-3DDE01007418}.Release|Any CPU.Build.0 = Release|Any CPU
	EndGlobalSection
	GlobalSection(SolutionProperties) = preSolution
		HideSolutionNode = FALSE
	EndGlobalSection
	GlobalSection(ExtensibilityGlobals) = postSolution
		SolutionGuid = {6557ED3E-2C42-4EE4-AD4C-D4DD4D03EF09}
	EndGlobalSection
EndGlobal
