
Microsoft Visual Studio Solution File, Format Version 12.00
# Visual Studio Version 16
VisualStudioVersion = 16.0.32228.343
MinimumVisualStudioVersion = 10.0.40219.1
Project("{FAE04EC0-301F-11D3-BF4B-00C04F79EFBC}") = "01_IncreaseSalary", "01_IncreaseSalary\01_IncreaseSalary.csproj", "{21F1B958-5745-410E-A722-55997266DAE2}"
EndProject
Project("{FAE04EC0-301F-11D3-BF4B-00C04F79EFBC}") = "02_AnimalsFarm", "02_AnimalsFarm\02_AnimalsFarm.csproj", "{DA8C8FEC-AC1F-400D-9FB8-D02D7B60E051}"
EndProject
Global
	GlobalSection(SolutionConfigurationPlatforms) = preSolution
		Debug|Any CPU = Debug|Any CPU
		Release|Any CPU = Release|Any CPU
	EndGlobalSection
	GlobalSection(ProjectConfigurationPlatforms) = postSolution
		{21F1B958-5745-410E-A722-55997266DAE2}.Debug|Any CPU.ActiveCfg = Debug|Any CPU
		{21F1B958-5745-410E-A722-55997266DAE2}.Debug|Any CPU.Build.0 = Debug|Any CPU
		{21F1B958-5745-410E-A722-55997266DAE2}.Release|Any CPU.ActiveCfg = Release|Any CPU
		{21F1B958-5745-410E-A722-55997266DAE2}.Release|Any CPU.Build.0 = Release|Any CPU
		{DA8C8FEC-AC1F-400D-9FB8-D02D7B60E051}.Debug|Any CPU.ActiveCfg = Debug|Any CPU
		{DA8C8FEC-AC1F-400D-9FB8-D02D7B60E051}.Debug|Any CPU.Build.0 = Debug|Any CPU
		{DA8C8FEC-AC1F-400D-9FB8-D02D7B60E051}.Release|Any CPU.ActiveCfg = Release|Any CPU
		{DA8C8FEC-AC1F-400D-9FB8-D02D7B60E051}.Release|Any CPU.Build.0 = Release|Any CPU
	EndGlobalSection
	GlobalSection(SolutionProperties) = preSolution
		HideSolutionNode = FALSE
	EndGlobalSection
	GlobalSection(ExtensibilityGlobals) = postSolution
		SolutionGuid = {8BDC95F4-2EFB-4726-923F-172195D41410}
	EndGlobalSection
EndGlobal
