
Microsoft Visual Studio Solution File, Format Version 12.00
# Visual Studio Version 16
VisualStudioVersion = 16.0.32510.428
MinimumVisualStudioVersion = 10.0.40219.1
Project("{FAE04EC0-301F-11D3-BF4B-00C04F79EFBC}") = "01_BubbleSort", "01_BubbleSort\01_BubbleSort.csproj", "{8189151D-28C6-439B-8B09-4B47A65D1BD1}"
EndProject
Project("{FAE04EC0-301F-11D3-BF4B-00C04F79EFBC}") = "02_InsertionSort", "02_InsertionSort\02_InsertionSort.csproj", "{540279E9-B847-4A9A-B722-8F3B0E1B196E}"
EndProject
Project("{FAE04EC0-301F-11D3-BF4B-00C04F79EFBC}") = "03_Visualization", "03_Visualization\03_Visualization.csproj", "{0D380909-F3D0-4425-94BE-035A65897FB7}"
EndProject
Global
	GlobalSection(SolutionConfigurationPlatforms) = preSolution
		Debug|Any CPU = Debug|Any CPU
		Release|Any CPU = Release|Any CPU
	EndGlobalSection
	GlobalSection(ProjectConfigurationPlatforms) = postSolution
		{8189151D-28C6-439B-8B09-4B47A65D1BD1}.Debug|Any CPU.ActiveCfg = Debug|Any CPU
		{8189151D-28C6-439B-8B09-4B47A65D1BD1}.Debug|Any CPU.Build.0 = Debug|Any CPU
		{8189151D-28C6-439B-8B09-4B47A65D1BD1}.Release|Any CPU.ActiveCfg = Release|Any CPU
		{8189151D-28C6-439B-8B09-4B47A65D1BD1}.Release|Any CPU.Build.0 = Release|Any CPU
		{540279E9-B847-4A9A-B722-8F3B0E1B196E}.Debug|Any CPU.ActiveCfg = Debug|Any CPU
		{540279E9-B847-4A9A-B722-8F3B0E1B196E}.Debug|Any CPU.Build.0 = Debug|Any CPU
		{540279E9-B847-4A9A-B722-8F3B0E1B196E}.Release|Any CPU.ActiveCfg = Release|Any CPU
		{540279E9-B847-4A9A-B722-8F3B0E1B196E}.Release|Any CPU.Build.0 = Release|Any CPU
		{0D380909-F3D0-4425-94BE-035A65897FB7}.Debug|Any CPU.ActiveCfg = Debug|Any CPU
		{0D380909-F3D0-4425-94BE-035A65897FB7}.Debug|Any CPU.Build.0 = Debug|Any CPU
		{0D380909-F3D0-4425-94BE-035A65897FB7}.Release|Any CPU.ActiveCfg = Release|Any CPU
		{0D380909-F3D0-4425-94BE-035A65897FB7}.Release|Any CPU.Build.0 = Release|Any CPU
	EndGlobalSection
	GlobalSection(SolutionProperties) = preSolution
		HideSolutionNode = FALSE
	EndGlobalSection
	GlobalSection(ExtensibilityGlobals) = postSolution
		SolutionGuid = {286DDD14-DDE4-4A18-AD22-7CA7542D20A1}
	EndGlobalSection
EndGlobal
