
Microsoft Visual Studio Solution File, Format Version 12.00
# Visual Studio Version 16
VisualStudioVersion = 16.0.32510.428
MinimumVisualStudioVersion = 10.0.40219.1
Project("{FAE04EC0-301F-11D3-BF4B-00C04F79EFBC}") = "Exam_Train", "Exam_Train\Exam_Train.csproj", "{B597E347-9E9C-414C-8F6C-D7A7E8C066FB}"
EndProject
Project("{FAE04EC0-301F-11D3-BF4B-00C04F79EFBC}") = "Exam_Train_v2", "Exam_Train_v2\Exam_Train_v2.csproj", "{9D238535-8204-41D5-8F89-AABA30DF9756}"
EndProject
Global
	GlobalSection(SolutionConfigurationPlatforms) = preSolution
		Debug|Any CPU = Debug|Any CPU
		Release|Any CPU = Release|Any CPU
	EndGlobalSection
	GlobalSection(ProjectConfigurationPlatforms) = postSolution
		{B597E347-9E9C-414C-8F6C-D7A7E8C066FB}.Debug|Any CPU.ActiveCfg = Debug|Any CPU
		{B597E347-9E9C-414C-8F6C-D7A7E8C066FB}.Debug|Any CPU.Build.0 = Debug|Any CPU
		{B597E347-9E9C-414C-8F6C-D7A7E8C066FB}.Release|Any CPU.ActiveCfg = Release|Any CPU
		{B597E347-9E9C-414C-8F6C-D7A7E8C066FB}.Release|Any CPU.Build.0 = Release|Any CPU
		{9D238535-8204-41D5-8F89-AABA30DF9756}.Debug|Any CPU.ActiveCfg = Debug|Any CPU
		{9D238535-8204-41D5-8F89-AABA30DF9756}.Debug|Any CPU.Build.0 = Debug|Any CPU
		{9D238535-8204-41D5-8F89-AABA30DF9756}.Release|Any CPU.ActiveCfg = Release|Any CPU
		{9D238535-8204-41D5-8F89-AABA30DF9756}.Release|Any CPU.Build.0 = Release|Any CPU
	EndGlobalSection
	GlobalSection(SolutionProperties) = preSolution
		HideSolutionNode = FALSE
	EndGlobalSection
	GlobalSection(ExtensibilityGlobals) = postSolution
		SolutionGuid = {F1CC3E0A-DD18-4776-BCD2-9FBFADCA4776}
	EndGlobalSection
EndGlobal
