
Microsoft Visual Studio Solution File, Format Version 12.00
# Visual Studio Version 16
VisualStudioVersion = 16.0.32228.343
MinimumVisualStudioVersion = 10.0.40219.1
Project("{FAE04EC0-301F-11D3-BF4B-00C04F79EFBC}") = "01_EasterEggs", "01_EasterEggs\01_EasterEggs.csproj", "{AFD50767-B054-4694-B7C9-3469BEFA1034}"
EndProject
Project("{FAE04EC0-301F-11D3-BF4B-00C04F79EFBC}") = "02_Numbers", "02_Numbers\02_Numbers.csproj", "{8AB302FE-124B-4981-B99B-A8D3C0CFD498}"
EndProject
Project("{FAE04EC0-301F-11D3-BF4B-00C04F79EFBC}") = "03_SpecialWords", "03_SpecialWords\03_SpecialWords.csproj", "{1C3BD328-7720-48C2-8E7C-2C3A72274F4B}"
EndProject
Project("{FAE04EC0-301F-11D3-BF4B-00C04F79EFBC}") = "04_ShoppingTime", "04_ShoppingTime\04_ShoppingTime.csproj", "{53FB324F-A4A1-4797-BEFD-E91E792D658F}"
EndProject
Global
	GlobalSection(SolutionConfigurationPlatforms) = preSolution
		Debug|Any CPU = Debug|Any CPU
		Release|Any CPU = Release|Any CPU
	EndGlobalSection
	GlobalSection(ProjectConfigurationPlatforms) = postSolution
		{AFD50767-B054-4694-B7C9-3469BEFA1034}.Debug|Any CPU.ActiveCfg = Debug|Any CPU
		{AFD50767-B054-4694-B7C9-3469BEFA1034}.Debug|Any CPU.Build.0 = Debug|Any CPU
		{AFD50767-B054-4694-B7C9-3469BEFA1034}.Release|Any CPU.ActiveCfg = Release|Any CPU
		{AFD50767-B054-4694-B7C9-3469BEFA1034}.Release|Any CPU.Build.0 = Release|Any CPU
		{8AB302FE-124B-4981-B99B-A8D3C0CFD498}.Debug|Any CPU.ActiveCfg = Debug|Any CPU
		{8AB302FE-124B-4981-B99B-A8D3C0CFD498}.Debug|Any CPU.Build.0 = Debug|Any CPU
		{8AB302FE-124B-4981-B99B-A8D3C0CFD498}.Release|Any CPU.ActiveCfg = Release|Any CPU
		{8AB302FE-124B-4981-B99B-A8D3C0CFD498}.Release|Any CPU.Build.0 = Release|Any CPU
		{1C3BD328-7720-48C2-8E7C-2C3A72274F4B}.Debug|Any CPU.ActiveCfg = Debug|Any CPU
		{1C3BD328-7720-48C2-8E7C-2C3A72274F4B}.Debug|Any CPU.Build.0 = Debug|Any CPU
		{1C3BD328-7720-48C2-8E7C-2C3A72274F4B}.Release|Any CPU.ActiveCfg = Release|Any CPU
		{1C3BD328-7720-48C2-8E7C-2C3A72274F4B}.Release|Any CPU.Build.0 = Release|Any CPU
		{53FB324F-A4A1-4797-BEFD-E91E792D658F}.Debug|Any CPU.ActiveCfg = Debug|Any CPU
		{53FB324F-A4A1-4797-BEFD-E91E792D658F}.Debug|Any CPU.Build.0 = Debug|Any CPU
		{53FB324F-A4A1-4797-BEFD-E91E792D658F}.Release|Any CPU.ActiveCfg = Release|Any CPU
		{53FB324F-A4A1-4797-BEFD-E91E792D658F}.Release|Any CPU.Build.0 = Release|Any CPU
	EndGlobalSection
	GlobalSection(SolutionProperties) = preSolution
		HideSolutionNode = FALSE
	EndGlobalSection
	GlobalSection(ExtensibilityGlobals) = postSolution
		SolutionGuid = {3712C3C7-ADBD-422C-8EAA-9C4DC9CB1306}
	EndGlobalSection
EndGlobal
