
Microsoft Visual Studio Solution File, Format Version 12.00
# Visual Studio Version 16
VisualStudioVersion = 16.0.32228.343
MinimumVisualStudioVersion = 10.0.40219.1
Project("{FAE04EC0-301F-11D3-BF4B-00C04F79EFBC}") = "02_OldestFamilyMember", "02_OldestFamilyMember\02_OldestFamilyMember.csproj", "{C70624F6-600C-41D5-9134-FB3906D222F3}"
EndProject
Project("{FAE04EC0-301F-11D3-BF4B-00C04F79EFBC}") = "04_DiffBetweenTwoDates", "04_DiffBetweenTwoDates\04_DiffBetweenTwoDates.csproj", "{7CDBB515-62EE-4262-9176-D01BF036FE9B}"
EndProject
Global
	GlobalSection(SolutionConfigurationPlatforms) = preSolution
		Debug|Any CPU = Debug|Any CPU
		Release|Any CPU = Release|Any CPU
	EndGlobalSection
	GlobalSection(ProjectConfigurationPlatforms) = postSolution
		{C70624F6-600C-41D5-9134-FB3906D222F3}.Debug|Any CPU.ActiveCfg = Debug|Any CPU
		{C70624F6-600C-41D5-9134-FB3906D222F3}.Debug|Any CPU.Build.0 = Debug|Any CPU
		{C70624F6-600C-41D5-9134-FB3906D222F3}.Release|Any CPU.ActiveCfg = Release|Any CPU
		{C70624F6-600C-41D5-9134-FB3906D222F3}.Release|Any CPU.Build.0 = Release|Any CPU
		{7CDBB515-62EE-4262-9176-D01BF036FE9B}.Debug|Any CPU.ActiveCfg = Debug|Any CPU
		{7CDBB515-62EE-4262-9176-D01BF036FE9B}.Debug|Any CPU.Build.0 = Debug|Any CPU
		{7CDBB515-62EE-4262-9176-D01BF036FE9B}.Release|Any CPU.ActiveCfg = Release|Any CPU
		{7CDBB515-62EE-4262-9176-D01BF036FE9B}.Release|Any CPU.Build.0 = Release|Any CPU
	EndGlobalSection
	GlobalSection(SolutionProperties) = preSolution
		HideSolutionNode = FALSE
	EndGlobalSection
	GlobalSection(ExtensibilityGlobals) = postSolution
		SolutionGuid = {C3FAAE0E-1137-4105-9FB1-F544E0908D8F}
	EndGlobalSection
EndGlobal
