
Microsoft Visual Studio Solution File, Format Version 12.00
# Visual Studio Version 16
VisualStudioVersion = 16.0.32510.428
MinimumVisualStudioVersion = 10.0.40219.1
Project("{FAE04EC0-301F-11D3-BF4B-00C04F79EFBC}") = "02.7_DoublyLinkedQueue", "02.7_DoublyLinkedQueue\02.7_DoublyLinkedQueue.csproj", "{30C92851-9641-4899-9286-88E32A28D221}"
EndProject
Global
	GlobalSection(SolutionConfigurationPlatforms) = preSolution
		Debug|Any CPU = Debug|Any CPU
		Release|Any CPU = Release|Any CPU
	EndGlobalSection
	GlobalSection(ProjectConfigurationPlatforms) = postSolution
		{30C92851-9641-4899-9286-88E32A28D221}.Debug|Any CPU.ActiveCfg = Debug|Any CPU
		{30C92851-9641-4899-9286-88E32A28D221}.Debug|Any CPU.Build.0 = Debug|Any CPU
		{30C92851-9641-4899-9286-88E32A28D221}.Release|Any CPU.ActiveCfg = Release|Any CPU
		{30C92851-9641-4899-9286-88E32A28D221}.Release|Any CPU.Build.0 = Release|Any CPU
	EndGlobalSection
	GlobalSection(SolutionProperties) = preSolution
		HideSolutionNode = FALSE
	EndGlobalSection
	GlobalSection(ExtensibilityGlobals) = postSolution
		SolutionGuid = {277B6040-E635-455D-8254-9960B90ACBA0}
	EndGlobalSection
EndGlobal
