
Microsoft Visual Studio Solution File, Format Version 12.00
# Visual Studio Version 16
VisualStudioVersion = 16.0.31624.102
MinimumVisualStudioVersion = 10.0.40219.1
Project("{FAE04EC0-301F-11D3-BF4B-00C04F79EFBC}") = "350_IfElse_Demo", "350_IfElse_Demo\350_IfElse_Demo.csproj", "{4A629C29-0BCC-4A8F-8EA0-C4D729890568}"
EndProject
Project("{FAE04EC0-301F-11D3-BF4B-00C04F79EFBC}") = "351_ExcellentGrade", "351_ExcellentGrade\351_ExcellentGrade.csproj", "{F70C1BD7-0637-4CD1-95B7-F30EDF6CA4E5}"
EndProject
Project("{FAE04EC0-301F-11D3-BF4B-00C04F79EFBC}") = "352_ExcellentGradeOrNot", "352_ExcellentGradeOrNot\352_ExcellentGradeOrNot.csproj", "{2D45C75B-EA85-458A-ACF3-3CFA477A8876}"
EndProject
Project("{FAE04EC0-301F-11D3-BF4B-00C04F79EFBC}") = "353_OddOrEvenNumber", "353_OddOrEvenNumber\353_OddOrEvenNumber.csproj", "{C06EDC3B-11C1-4D24-B713-743ED6E807F4}"
EndProject
Project("{FAE04EC0-301F-11D3-BF4B-00C04F79EFBC}") = "354_BiggestNumber", "354_BiggestNumber\354_BiggestNumber.csproj", "{8BF07120-A322-4E68-A4EC-C1F170B0E156}"
EndProject
Project("{FAE04EC0-301F-11D3-BF4B-00C04F79EFBC}") = "355_GuessThePass", "355_GuessThePass\355_GuessThePass.csproj", "{59EAC1B1-6B59-458C-8F07-EC49186BE3F9}"
EndProject
Project("{FAE04EC0-301F-11D3-BF4B-00C04F79EFBC}") = "356_EqualWords", "356_EqualWords\356_EqualWords.csproj", "{9CC920FC-A620-4A0F-B939-EC6405313513}"
EndProject
Project("{FAE04EC0-301F-11D3-BF4B-00C04F79EFBC}") = "357_TimePlus15Min", "357_TimePlus15Min\357_TimePlus15Min.csproj", "{2ABC6325-EB22-4815-BE4A-A6CA6D8E7680}"
EndProject
Project("{FAE04EC0-301F-11D3-BF4B-00C04F79EFBC}") = "358_ThreeEqualNumbers", "358_ThreeEqualNumbers\358_ThreeEqualNumbers.csproj", "{24D8D4B0-6757-42DD-BA12-46CBDE505D3A}"
EndProject
Global
	GlobalSection(SolutionConfigurationPlatforms) = preSolution
		Debug|Any CPU = Debug|Any CPU
		Release|Any CPU = Release|Any CPU
	EndGlobalSection
	GlobalSection(ProjectConfigurationPlatforms) = postSolution
		{4A629C29-0BCC-4A8F-8EA0-C4D729890568}.Debug|Any CPU.ActiveCfg = Debug|Any CPU
		{4A629C29-0BCC-4A8F-8EA0-C4D729890568}.Debug|Any CPU.Build.0 = Debug|Any CPU
		{4A629C29-0BCC-4A8F-8EA0-C4D729890568}.Release|Any CPU.ActiveCfg = Release|Any CPU
		{4A629C29-0BCC-4A8F-8EA0-C4D729890568}.Release|Any CPU.Build.0 = Release|Any CPU
		{F70C1BD7-0637-4CD1-95B7-F30EDF6CA4E5}.Debug|Any CPU.ActiveCfg = Debug|Any CPU
		{F70C1BD7-0637-4CD1-95B7-F30EDF6CA4E5}.Debug|Any CPU.Build.0 = Debug|Any CPU
		{F70C1BD7-0637-4CD1-95B7-F30EDF6CA4E5}.Release|Any CPU.ActiveCfg = Release|Any CPU
		{F70C1BD7-0637-4CD1-95B7-F30EDF6CA4E5}.Release|Any CPU.Build.0 = Release|Any CPU
		{2D45C75B-EA85-458A-ACF3-3CFA477A8876}.Debug|Any CPU.ActiveCfg = Debug|Any CPU
		{2D45C75B-EA85-458A-ACF3-3CFA477A8876}.Debug|Any CPU.Build.0 = Debug|Any CPU
		{2D45C75B-EA85-458A-ACF3-3CFA477A8876}.Release|Any CPU.ActiveCfg = Release|Any CPU
		{2D45C75B-EA85-458A-ACF3-3CFA477A8876}.Release|Any CPU.Build.0 = Release|Any CPU
		{C06EDC3B-11C1-4D24-B713-743ED6E807F4}.Debug|Any CPU.ActiveCfg = Debug|Any CPU
		{C06EDC3B-11C1-4D24-B713-743ED6E807F4}.Debug|Any CPU.Build.0 = Debug|Any CPU
		{C06EDC3B-11C1-4D24-B713-743ED6E807F4}.Release|Any CPU.ActiveCfg = Release|Any CPU
		{C06EDC3B-11C1-4D24-B713-743ED6E807F4}.Release|Any CPU.Build.0 = Release|Any CPU
		{8BF07120-A322-4E68-A4EC-C1F170B0E156}.Debug|Any CPU.ActiveCfg = Debug|Any CPU
		{8BF07120-A322-4E68-A4EC-C1F170B0E156}.Debug|Any CPU.Build.0 = Debug|Any CPU
		{8BF07120-A322-4E68-A4EC-C1F170B0E156}.Release|Any CPU.ActiveCfg = Release|Any CPU
		{8BF07120-A322-4E68-A4EC-C1F170B0E156}.Release|Any CPU.Build.0 = Release|Any CPU
		{59EAC1B1-6B59-458C-8F07-EC49186BE3F9}.Debug|Any CPU.ActiveCfg = Debug|Any CPU
		{59EAC1B1-6B59-458C-8F07-EC49186BE3F9}.Debug|Any CPU.Build.0 = Debug|Any CPU
		{59EAC1B1-6B59-458C-8F07-EC49186BE3F9}.Release|Any CPU.ActiveCfg = Release|Any CPU
		{59EAC1B1-6B59-458C-8F07-EC49186BE3F9}.Release|Any CPU.Build.0 = Release|Any CPU
		{9CC920FC-A620-4A0F-B939-EC6405313513}.Debug|Any CPU.ActiveCfg = Debug|Any CPU
		{9CC920FC-A620-4A0F-B939-EC6405313513}.Debug|Any CPU.Build.0 = Debug|Any CPU
		{9CC920FC-A620-4A0F-B939-EC6405313513}.Release|Any CPU.ActiveCfg = Release|Any CPU
		{9CC920FC-A620-4A0F-B939-EC6405313513}.Release|Any CPU.Build.0 = Release|Any CPU
		{2ABC6325-EB22-4815-BE4A-A6CA6D8E7680}.Debug|Any CPU.ActiveCfg = Debug|Any CPU
		{2ABC6325-EB22-4815-BE4A-A6CA6D8E7680}.Debug|Any CPU.Build.0 = Debug|Any CPU
		{2ABC6325-EB22-4815-BE4A-A6CA6D8E7680}.Release|Any CPU.ActiveCfg = Release|Any CPU
		{2ABC6325-EB22-4815-BE4A-A6CA6D8E7680}.Release|Any CPU.Build.0 = Release|Any CPU
		{24D8D4B0-6757-42DD-BA12-46CBDE505D3A}.Debug|Any CPU.ActiveCfg = Debug|Any CPU
		{24D8D4B0-6757-42DD-BA12-46CBDE505D3A}.Debug|Any CPU.Build.0 = Debug|Any CPU
		{24D8D4B0-6757-42DD-BA12-46CBDE505D3A}.Release|Any CPU.ActiveCfg = Release|Any CPU
		{24D8D4B0-6757-42DD-BA12-46CBDE505D3A}.Release|Any CPU.Build.0 = Release|Any CPU
	EndGlobalSection
	GlobalSection(SolutionProperties) = preSolution
		HideSolutionNode = FALSE
	EndGlobalSection
	GlobalSection(ExtensibilityGlobals) = postSolution
		SolutionGuid = {DBD7EBA3-219B-4110-B109-B1027A541126}
	EndGlobalSection
EndGlobal
