
Microsoft Visual Studio Solution File, Format Version 12.00
# Visual Studio Version 16
VisualStudioVersion = 16.0.31624.102
MinimumVisualStudioVersion = 10.0.40219.1
Project("{FAE04EC0-301F-11D3-BF4B-00C04F79EFBC}") = "02_Firm", "02_Firm\02_Firm.csproj", "{67033366-58C6-4A06-BB3D-A57C020C110C}"
EndProject
Project("{FAE04EC0-301F-11D3-BF4B-00C04F79EFBC}") = "03_HotelRoom", "03_HotelRoom\03_HotelRoom.csproj", "{C49B7B54-E1B1-4F5C-B5E1-82F412000A26}"
EndProject
Project("{FAE04EC0-301F-11D3-BF4B-00C04F79EFBC}") = "04_Hospital", "04_Hospital\04_Hospital.csproj", "{B7E7A993-73D1-4626-88B3-6DF12CE163CD}"
EndProject
Project("{FAE04EC0-301F-11D3-BF4B-00C04F79EFBC}") = "06_Digits", "06_Digits\06_Digits.csproj", "{1EDCA98A-5C81-49F7-8E8B-547EF54BB3A2}"
EndProject
Global
	GlobalSection(SolutionConfigurationPlatforms) = preSolution
		Debug|Any CPU = Debug|Any CPU
		Release|Any CPU = Release|Any CPU
	EndGlobalSection
	GlobalSection(ProjectConfigurationPlatforms) = postSolution
		{67033366-58C6-4A06-BB3D-A57C020C110C}.Debug|Any CPU.ActiveCfg = Debug|Any CPU
		{67033366-58C6-4A06-BB3D-A57C020C110C}.Debug|Any CPU.Build.0 = Debug|Any CPU
		{67033366-58C6-4A06-BB3D-A57C020C110C}.Release|Any CPU.ActiveCfg = Release|Any CPU
		{67033366-58C6-4A06-BB3D-A57C020C110C}.Release|Any CPU.Build.0 = Release|Any CPU
		{C49B7B54-E1B1-4F5C-B5E1-82F412000A26}.Debug|Any CPU.ActiveCfg = Debug|Any CPU
		{C49B7B54-E1B1-4F5C-B5E1-82F412000A26}.Debug|Any CPU.Build.0 = Debug|Any CPU
		{C49B7B54-E1B1-4F5C-B5E1-82F412000A26}.Release|Any CPU.ActiveCfg = Release|Any CPU
		{C49B7B54-E1B1-4F5C-B5E1-82F412000A26}.Release|Any CPU.Build.0 = Release|Any CPU
		{B7E7A993-73D1-4626-88B3-6DF12CE163CD}.Debug|Any CPU.ActiveCfg = Debug|Any CPU
		{B7E7A993-73D1-4626-88B3-6DF12CE163CD}.Debug|Any CPU.Build.0 = Debug|Any CPU
		{B7E7A993-73D1-4626-88B3-6DF12CE163CD}.Release|Any CPU.ActiveCfg = Release|Any CPU
		{B7E7A993-73D1-4626-88B3-6DF12CE163CD}.Release|Any CPU.Build.0 = Release|Any CPU
		{1EDCA98A-5C81-49F7-8E8B-547EF54BB3A2}.Debug|Any CPU.ActiveCfg = Debug|Any CPU
		{1EDCA98A-5C81-49F7-8E8B-547EF54BB3A2}.Debug|Any CPU.Build.0 = Debug|Any CPU
		{1EDCA98A-5C81-49F7-8E8B-547EF54BB3A2}.Release|Any CPU.ActiveCfg = Release|Any CPU
		{1EDCA98A-5C81-49F7-8E8B-547EF54BB3A2}.Release|Any CPU.Build.0 = Release|Any CPU
	EndGlobalSection
	GlobalSection(SolutionProperties) = preSolution
		HideSolutionNode = FALSE
	EndGlobalSection
	GlobalSection(ExtensibilityGlobals) = postSolution
		SolutionGuid = {F88B3884-E513-4A46-90C6-BB6E7FD6B5DD}
	EndGlobalSection
EndGlobal
