
Microsoft Visual Studio Solution File, Format Version 12.00
# Visual Studio Version 16
VisualStudioVersion = 16.0.32228.343
MinimumVisualStudioVersion = 10.0.40219.1
Project("{9A19103F-16F7-4668-BE54-9A1E7A4F7556}") = "01_FirstAndReserveTeam", "01_FirstAndReserveTeam\01_FirstAndReserveTeam.csproj", "{789D9368-91AE-4F6F-8641-2353D4F41754}"
EndProject
Project("{FAE04EC0-301F-11D3-BF4B-00C04F79EFBC}") = "02_FootballTeam", "02_FootballTeam\02_FootballTeam.csproj", "{FAF6CA32-947C-4FA5-891B-F572A45D5104}"
EndProject
Global
	GlobalSection(SolutionConfigurationPlatforms) = preSolution
		Debug|Any CPU = Debug|Any CPU
		Release|Any CPU = Release|Any CPU
	EndGlobalSection
	GlobalSection(ProjectConfigurationPlatforms) = postSolution
		{789D9368-91AE-4F6F-8641-2353D4F41754}.Debug|Any CPU.ActiveCfg = Debug|Any CPU
		{789D9368-91AE-4F6F-8641-2353D4F41754}.Debug|Any CPU.Build.0 = Debug|Any CPU
		{789D9368-91AE-4F6F-8641-2353D4F41754}.Release|Any CPU.ActiveCfg = Release|Any CPU
		{789D9368-91AE-4F6F-8641-2353D4F41754}.Release|Any CPU.Build.0 = Release|Any CPU
		{FAF6CA32-947C-4FA5-891B-F572A45D5104}.Debug|Any CPU.ActiveCfg = Debug|Any CPU
		{FAF6CA32-947C-4FA5-891B-F572A45D5104}.Debug|Any CPU.Build.0 = Debug|Any CPU
		{FAF6CA32-947C-4FA5-891B-F572A45D5104}.Release|Any CPU.ActiveCfg = Release|Any CPU
		{FAF6CA32-947C-4FA5-891B-F572A45D5104}.Release|Any CPU.Build.0 = Release|Any CPU
	EndGlobalSection
	GlobalSection(SolutionProperties) = preSolution
		HideSolutionNode = FALSE
	EndGlobalSection
	GlobalSection(ExtensibilityGlobals) = postSolution
		SolutionGuid = {3B77F4CE-CDC8-4A4A-920A-B7074C9A5EFB}
	EndGlobalSection
EndGlobal
