
Microsoft Visual Studio Solution File, Format Version 12.00
# Visual Studio Version 16
VisualStudioVersion = 16.0.32002.261
MinimumVisualStudioVersion = 10.0.40219.1
Project("{FAE04EC0-301F-11D3-BF4B-00C04F79EFBC}") = "061_FloatingPointNumbers", "061_FloatingPointNumbers\061_FloatingPointNumbers.csproj", "{8099A208-05C3-44A2-9430-E79D9A7FBE24}"
EndProject
Project("{FAE04EC0-301F-11D3-BF4B-00C04F79EFBC}") = "062_CircleArea", "062_CircleArea\062_CircleArea.csproj", "{273D5A98-BA0F-481A-B890-E27EA23BFAA6}"
EndProject
Project("{FAE04EC0-301F-11D3-BF4B-00C04F79EFBC}") = "063_SumRealNumbers", "063_SumRealNumbers\063_SumRealNumbers.csproj", "{AFAE26E1-BED8-4450-BB87-C6F2EC981B7E}"
EndProject
Project("{FAE04EC0-301F-11D3-BF4B-00C04F79EFBC}") = "064_Rectangle", "064_Rectangle\064_Rectangle.csproj", "{146A1DF2-18E6-4F25-B18B-0C0CB3DF89B8}"
EndProject
Project("{FAE04EC0-301F-11D3-BF4B-00C04F79EFBC}") = "065_Speed", "065_Speed\065_Speed.csproj", "{4A06AB02-0CF9-4831-A577-4CE624CFEC38}"
EndProject
Global
	GlobalSection(SolutionConfigurationPlatforms) = preSolution
		Debug|Any CPU = Debug|Any CPU
		Release|Any CPU = Release|Any CPU
	EndGlobalSection
	GlobalSection(ProjectConfigurationPlatforms) = postSolution
		{8099A208-05C3-44A2-9430-E79D9A7FBE24}.Debug|Any CPU.ActiveCfg = Debug|Any CPU
		{8099A208-05C3-44A2-9430-E79D9A7FBE24}.Debug|Any CPU.Build.0 = Debug|Any CPU
		{8099A208-05C3-44A2-9430-E79D9A7FBE24}.Release|Any CPU.ActiveCfg = Release|Any CPU
		{8099A208-05C3-44A2-9430-E79D9A7FBE24}.Release|Any CPU.Build.0 = Release|Any CPU
		{273D5A98-BA0F-481A-B890-E27EA23BFAA6}.Debug|Any CPU.ActiveCfg = Debug|Any CPU
		{273D5A98-BA0F-481A-B890-E27EA23BFAA6}.Debug|Any CPU.Build.0 = Debug|Any CPU
		{273D5A98-BA0F-481A-B890-E27EA23BFAA6}.Release|Any CPU.ActiveCfg = Release|Any CPU
		{273D5A98-BA0F-481A-B890-E27EA23BFAA6}.Release|Any CPU.Build.0 = Release|Any CPU
		{AFAE26E1-BED8-4450-BB87-C6F2EC981B7E}.Debug|Any CPU.ActiveCfg = Debug|Any CPU
		{AFAE26E1-BED8-4450-BB87-C6F2EC981B7E}.Debug|Any CPU.Build.0 = Debug|Any CPU
		{AFAE26E1-BED8-4450-BB87-C6F2EC981B7E}.Release|Any CPU.ActiveCfg = Release|Any CPU
		{AFAE26E1-BED8-4450-BB87-C6F2EC981B7E}.Release|Any CPU.Build.0 = Release|Any CPU
		{146A1DF2-18E6-4F25-B18B-0C0CB3DF89B8}.Debug|Any CPU.ActiveCfg = Debug|Any CPU
		{146A1DF2-18E6-4F25-B18B-0C0CB3DF89B8}.Debug|Any CPU.Build.0 = Debug|Any CPU
		{146A1DF2-18E6-4F25-B18B-0C0CB3DF89B8}.Release|Any CPU.ActiveCfg = Release|Any CPU
		{146A1DF2-18E6-4F25-B18B-0C0CB3DF89B8}.Release|Any CPU.Build.0 = Release|Any CPU
		{4A06AB02-0CF9-4831-A577-4CE624CFEC38}.Debug|Any CPU.ActiveCfg = Debug|Any CPU
		{4A06AB02-0CF9-4831-A577-4CE624CFEC38}.Debug|Any CPU.Build.0 = Debug|Any CPU
		{4A06AB02-0CF9-4831-A577-4CE624CFEC38}.Release|Any CPU.ActiveCfg = Release|Any CPU
		{4A06AB02-0CF9-4831-A577-4CE624CFEC38}.Release|Any CPU.Build.0 = Release|Any CPU
	EndGlobalSection
	GlobalSection(SolutionProperties) = preSolution
		HideSolutionNode = FALSE
	EndGlobalSection
	GlobalSection(ExtensibilityGlobals) = postSolution
		SolutionGuid = {4070F716-68ED-4CD2-B454-EF055B2B4026}
	EndGlobalSection
EndGlobal
